
Microsoft Visual Studio Solution File, Format Version 12.00
# Visual Studio 15
Project("{FAE04EC0-301F-11D3-BF4B-00C04F79EFBC}") = "Assembly-CSharp", "Assembly-CSharp.csproj", "{221D178D-D914-B7E9-8E34-8F64D657FFDB}"
EndProject
Project("{FAE04EC0-301F-11D3-BF4B-00C04F79EFBC}") = "Assembly-CSharp-Editor", "Assembly-CSharp-Editor.csproj", "{D77D6126-5DF2-F482-F3B1-F5DAF3F220C7}"
EndProject
Global
	GlobalSection(SolutionConfigurationPlatforms) = preSolution
		Debug|Any CPU = Debug|Any CPU
		Release|Any CPU = Release|Any CPU
	EndGlobalSection
	GlobalSection(ProjectConfigurationPlatforms) = postSolution
		{221D178D-D914-B7E9-8E34-8F64D657FFDB}.Debug|Any CPU.ActiveCfg = Debug|Any CPU
		{221D178D-D914-B7E9-8E34-8F64D657FFDB}.Debug|Any CPU.Build.0 = Debug|Any CPU
		{221D178D-D914-B7E9-8E34-8F64D657FFDB}.Release|Any CPU.ActiveCfg = Release|Any CPU
		{221D178D-D914-B7E9-8E34-8F64D657FFDB}.Release|Any CPU.Build.0 = Release|Any CPU
		{D77D6126-5DF2-F482-F3B1-F5DAF3F220C7}.Debug|Any CPU.ActiveCfg = Debug|Any CPU
		{D77D6126-5DF2-F482-F3B1-F5DAF3F220C7}.Debug|Any CPU.Build.0 = Debug|Any CPU
		{D77D6126-5DF2-F482-F3B1-F5DAF3F220C7}.Release|Any CPU.ActiveCfg = Release|Any CPU
		{D77D6126-5DF2-F482-F3B1-F5DAF3F220C7}.Release|Any CPU.Build.0 = Release|Any CPU
	EndGlobalSection
	GlobalSection(SolutionProperties) = preSolution
		HideSolutionNode = FALSE
	EndGlobalSection
EndGlobal
